// !$*UTF8*$!
{
	archiveVersion = 1;
	classes = {
	};
	objectVersion = 77;
	objects = {

/* Begin PBXBuildFile section */
		08F041F74042C7B42FE29DCB /* PlaybackTests.swift in Sources */ = {isa = PBXBuildFile; fileRef = 5BD93DFCBD69276F616E276C /* PlaybackTests.swift */; };
		1D3B9F1A07190484C0A87E3D /* TasteMirrorTests.swift in Sources */ = {isa = PBXBuildFile; fileRef = 57EB88C28BF31E5154BE4AF1 /* TasteMirrorTests.swift */; };
		757406A9EE882CBC5E185CA4 /* ArchetypeSnapshotTests.swift in Sources */ = {isa = PBXBuildFile; fileRef = D5D413F7473F6C57E546C1EA /* ArchetypeSnapshotTests.swift */; };
		78F3EE0454C3E5EB3825C97D /* TasteSeedTests.swift in Sources */ = {isa = PBXBuildFile; fileRef = 9081430FDF0723184251C1F3 /* TasteSeedTests.swift */; };
		89D4107636FC55A192B171A5 /* Foundation.framework in Frameworks */ = {isa = PBXBuildFile; fileRef = D1C88CA3CCE154F540A6D0EE /* Foundation.framework */; };
		94B1387E2FCB7CB200752257 /* Supabase in Frameworks */ = {isa = PBXBuildFile; productRef = 94B1387D2FCB7CB200752257 /* Supabase */; };
		9F5825D17AE73206DEAA9846 /* ArchetypeRevealTests.swift in Sources */ = {isa = PBXBuildFile; fileRef = B7B501C622830FDCCDFA988E /* ArchetypeRevealTests.swift */; };
		A1B2C3D4E5F6A1B2C3D4E5F6 /* StreamingServiceTests.swift in Sources */ = {isa = PBXBuildFile; fileRef = A1B2C3D4E5F6A1B2C3D4E5F7 /* StreamingServiceTests.swift */; };
		A7B8C9D0E1F2A7B8C9D0E1F2 /* FriendsStoreTests.swift in Sources */ = {isa = PBXBuildFile; fileRef = A7B8C9D0E1F2A7B8C9D0E1F3 /* FriendsStoreTests.swift */; };
		ABCD00112233445566778899 /* FriendNudgeTests.swift in Sources */ = {isa = PBXBuildFile; fileRef = ABCD0011223344556677889A /* FriendNudgeTests.swift */; };
		B2C3D4E5F6A1B2C3D4E5F6A1 /* CatalogInfoTests.swift in Sources */ = {isa = PBXBuildFile; fileRef = B2C3D4E5F6A1B2C3D4E5F6A2 /* CatalogInfoTests.swift */; };
		B6F8A1D4C5E7401FA6B8D912 /* LiquidGlassStyleTests.swift in Sources */ = {isa = PBXBuildFile; fileRef = B6F8A1D4C5E7401FA6B8D913 /* LiquidGlassStyleTests.swift */; };
		C3D4E5F6A1B2C3D4E5F6A1B2 /* AvatarStyleTests.swift in Sources */ = {isa = PBXBuildFile; fileRef = C3D4E5F6A1B2C3D4E5F6A1B3 /* AvatarStyleTests.swift */; };
		C7F0B6A12E7D4C11A9E0A001 /* SessionStoreTests.swift in Sources */ = {isa = PBXBuildFile; fileRef = C7F0B6A12E7D4C11A9E0A002 /* SessionStoreTests.swift */; };
		D4E5F6A1B2C3D4E5F6A1B2C3 /* AvatarImageProcessorTests.swift in Sources */ = {isa = PBXBuildFile; fileRef = D4E5F6A1B2C3D4E5F6A1B2C4 /* AvatarImageProcessorTests.swift */; };
		E5F6A1B2C3D4E5F6A1B2C3D4 /* ProfileStoreTests.swift in Sources */ = {isa = PBXBuildFile; fileRef = E5F6A1B2C3D4E5F6A1B2C3D5 /* ProfileStoreTests.swift */; };
		F6A1B2C3D4E5F6A1B2C3D4E5 /* FriendCodeTests.swift in Sources */ = {isa = PBXBuildFile; fileRef = F6A1B2C3D4E5F6A1B2C3D4E6 /* FriendCodeTests.swift */; };
/* End PBXBuildFile section */

/* Begin PBXContainerItemProxy section */
		745F721C1DF77B483AA125B0 /* PBXContainerItemProxy */ = {
			isa = PBXContainerItemProxy;
			containerPortal = 94B138272FCB6F1100752257 /* Project object */;
			proxyType = 1;
			remoteGlobalIDString = 94B1382E2FCB6F1100752257;
			remoteInfo = "Daily Music";
		};
/* End PBXContainerItemProxy section */

/* Begin PBXFileReference section */
		0795BD5F0CB7C0DC25730AC4 /* Daily MusicTests.xctest */ = {isa = PBXFileReference; explicitFileType = wrapper.cfbundle; includeInIndex = 0; path = "Daily MusicTests.xctest"; sourceTree = BUILT_PRODUCTS_DIR; };
		57EB88C28BF31E5154BE4AF1 /* TasteMirrorTests.swift */ = {isa = PBXFileReference; includeInIndex = 1; lastKnownFileType = sourcecode.swift; path = TasteMirrorTests.swift; sourceTree = "<group>"; };
		5BD93DFCBD69276F616E276C /* PlaybackTests.swift */ = {isa = PBXFileReference; includeInIndex = 1; lastKnownFileType = sourcecode.swift; path = PlaybackTests.swift; sourceTree = "<group>"; };
		9081430FDF0723184251C1F3 /* TasteSeedTests.swift */ = {isa = PBXFileReference; includeInIndex = 1; lastKnownFileType = sourcecode.swift; path = TasteSeedTests.swift; sourceTree = "<group>"; };
		94B1382F2FCB6F1100752257 /* Daily Music.app */ = {isa = PBXFileReference; explicitFileType = wrapper.application; includeInIndex = 0; path = "Daily Music.app"; sourceTree = BUILT_PRODUCTS_DIR; };
		A1B2C3D4E5F6A1B2C3D4E5F7 /* StreamingServiceTests.swift */ = {isa = PBXFileReference; includeInIndex = 1; lastKnownFileType = sourcecode.swift; path = StreamingServiceTests.swift; sourceTree = "<group>"; };
		A7B8C9D0E1F2A7B8C9D0E1F3 /* FriendsStoreTests.swift */ = {isa = PBXFileReference; includeInIndex = 1; lastKnownFileType = sourcecode.swift; path = FriendsStoreTests.swift; sourceTree = "<group>"; };
		ABCD0011223344556677889A /* FriendNudgeTests.swift */ = {isa = PBXFileReference; includeInIndex = 1; lastKnownFileType = sourcecode.swift; path = FriendNudgeTests.swift; sourceTree = "<group>"; };
		B2C3D4E5F6A1B2C3D4E5F6A2 /* CatalogInfoTests.swift */ = {isa = PBXFileReference; includeInIndex = 1; lastKnownFileType = sourcecode.swift; path = CatalogInfoTests.swift; sourceTree = "<group>"; };
		B7B501C622830FDCCDFA988E /* ArchetypeRevealTests.swift */ = {isa = PBXFileReference; includeInIndex = 1; lastKnownFileType = sourcecode.swift; name = ArchetypeRevealTests.swift; path = ArchetypeRevealTests.swift; sourceTree = "<group>"; };
		B6F8A1D4C5E7401FA6B8D913 /* LiquidGlassStyleTests.swift */ = {isa = PBXFileReference; includeInIndex = 1; lastKnownFileType = sourcecode.swift; path = LiquidGlassStyleTests.swift; sourceTree = "<group>"; };
		C3D4E5F6A1B2C3D4E5F6A1B3 /* AvatarStyleTests.swift */ = {isa = PBXFileReference; includeInIndex = 1; lastKnownFileType = sourcecode.swift; path = AvatarStyleTests.swift; sourceTree = "<group>"; };
		C7F0B6A12E7D4C11A9E0A002 /* SessionStoreTests.swift */ = {isa = PBXFileReference; includeInIndex = 1; lastKnownFileType = sourcecode.swift; path = SessionStoreTests.swift; sourceTree = "<group>"; };
		D1C88CA3CCE154F540A6D0EE /* Foundation.framework */ = {isa = PBXFileReference; lastKnownFileType = wrapper.framework; name = Foundation.framework; path = Platforms/iPhoneOS.platform/Developer/SDKs/iPhoneOS18.0.sdk/System/Library/Frameworks/Foundation.framework; sourceTree = DEVELOPER_DIR; };
		D4E5F6A1B2C3D4E5F6A1B2C4 /* AvatarImageProcessorTests.swift */ = {isa = PBXFileReference; includeInIndex = 1; lastKnownFileType = sourcecode.swift; path = AvatarImageProcessorTests.swift; sourceTree = "<group>"; };
		D5D413F7473F6C57E546C1EA /* ArchetypeSnapshotTests.swift */ = {isa = PBXFileReference; includeInIndex = 1; lastKnownFileType = sourcecode.swift; name = ArchetypeSnapshotTests.swift; path = ArchetypeSnapshotTests.swift; sourceTree = "<group>"; };
		E5F6A1B2C3D4E5F6A1B2C3D5 /* ProfileStoreTests.swift */ = {isa = PBXFileReference; includeInIndex = 1; lastKnownFileType = sourcecode.swift; path = ProfileStoreTests.swift; sourceTree = "<group>"; };
		F6A1B2C3D4E5F6A1B2C3D4E6 /* FriendCodeTests.swift */ = {isa = PBXFileReference; includeInIndex = 1; lastKnownFileType = sourcecode.swift; path = FriendCodeTests.swift; sourceTree = "<group>"; };
/* End PBXFileReference section */

/* Begin PBXFileSystemSynchronizedRootGroup section */
		94B138312FCB6F1100752257 /* Daily Music */ = {
			isa = PBXFileSystemSynchronizedRootGroup;
			exceptions = (
			);
			path = "Daily Music";
			sourceTree = "<group>";
		};
/* End PBXFileSystemSynchronizedRootGroup section */

/* Begin PBXFrameworksBuildPhase section */
		94B1382C2FCB6F1100752257 /* Frameworks */ = {
			isa = PBXFrameworksBuildPhase;
			buildActionMask = 2147483647;
			files = (
				94B1387E2FCB7CB200752257 /* Supabase in Frameworks */,
			);
			runOnlyForDeploymentPostprocessing = 0;
		};
		C782504B9A98BBD2A316653F /* Frameworks */ = {
			isa = PBXFrameworksBuildPhase;
			buildActionMask = 2147483647;
			files = (
				89D4107636FC55A192B171A5 /* Foundation.framework in Frameworks */,
			);
			runOnlyForDeploymentPostprocessing = 0;
		};
/* End PBXFrameworksBuildPhase section */

/* Begin PBXGroup section */
		474DB509253B3672F8A852C1 /* Daily MusicTests */ = {
			isa = PBXGroup;
			children = (
				57EB88C28BF31E5154BE4AF1 /* TasteMirrorTests.swift */,
				A1B2C3D4E5F6A1B2C3D4E5F7 /* StreamingServiceTests.swift */,
				B2C3D4E5F6A1B2C3D4E5F6A2 /* CatalogInfoTests.swift */,
				C3D4E5F6A1B2C3D4E5F6A1B3 /* AvatarStyleTests.swift */,
				D4E5F6A1B2C3D4E5F6A1B2C4 /* AvatarImageProcessorTests.swift */,
				E5F6A1B2C3D4E5F6A1B2C3D5 /* ProfileStoreTests.swift */,
				F6A1B2C3D4E5F6A1B2C3D4E6 /* FriendCodeTests.swift */,
				A7B8C9D0E1F2A7B8C9D0E1F3 /* FriendsStoreTests.swift */,
				ABCD0011223344556677889A /* FriendNudgeTests.swift */,
				C7F0B6A12E7D4C11A9E0A002 /* SessionStoreTests.swift */,
					5BD93DFCBD69276F616E276C /* PlaybackTests.swift */,
					9081430FDF0723184251C1F3 /* TasteSeedTests.swift */,
					D5D413F7473F6C57E546C1EA /* ArchetypeSnapshotTests.swift */,
					B7B501C622830FDCCDFA988E /* ArchetypeRevealTests.swift */,
					B6F8A1D4C5E7401FA6B8D913 /* LiquidGlassStyleTests.swift */,
				);
			path = "Daily MusicTests";
			sourceTree = "<group>";
		};
		50956E9C0A92DD6B4BB9826E /* Frameworks */ = {
			isa = PBXGroup;
			children = (
				F94510787CBBEEB8525DEB20 /* iOS */,
			);
			name = Frameworks;
			sourceTree = "<group>";
		};
		94B138262FCB6F1100752257 = {
			isa = PBXGroup;
			children = (
				94B138312FCB6F1100752257 /* Daily Music */,
				94B138302FCB6F1100752257 /* Products */,
				50956E9C0A92DD6B4BB9826E /* Frameworks */,
				474DB509253B3672F8A852C1 /* Daily MusicTests */,
			);
			sourceTree = "<group>";
		};
		94B138302FCB6F1100752257 /* Products */ = {
			isa = PBXGroup;
			children = (
				94B1382F2FCB6F1100752257 /* Daily Music.app */,
				0795BD5F0CB7C0DC25730AC4 /* Daily MusicTests.xctest */,
			);
			name = Products;
			sourceTree = "<group>";
		};
		F94510787CBBEEB8525DEB20 /* iOS */ = {
			isa = PBXGroup;
			children = (
				D1C88CA3CCE154F540A6D0EE /* Foundation.framework */,
			);
			name = iOS;
			sourceTree = "<group>";
		};
/* End PBXGroup section */

/* Begin PBXNativeTarget section */
		94B1382E2FCB6F1100752257 /* Daily Music */ = {
			isa = PBXNativeTarget;
			buildConfigurationList = 94B1383A2FCB6F1300752257 /* Build configuration list for PBXNativeTarget "Daily Music" */;
			buildPhases = (
				94B1382B2FCB6F1100752257 /* Sources */,
				94B1382C2FCB6F1100752257 /* Frameworks */,
				94B1382D2FCB6F1100752257 /* Resources */,
			);
			buildRules = (
			);
			dependencies = (
			);
			fileSystemSynchronizedGroups = (
				94B138312FCB6F1100752257 /* Daily Music */,
			);
			name = "Daily Music";
			packageProductDependencies = (
				94B1387D2FCB7CB200752257 /* Supabase */,
			);
			productName = "Daily Music";
			productReference = 94B1382F2FCB6F1100752257 /* Daily Music.app */;
			productType = "com.apple.product-type.application";
		};
		E3337D4BD109404AE5A22276 /* Daily MusicTests */ = {
			isa = PBXNativeTarget;
			buildConfigurationList = EC1155978C0C67B4D2AC439F /* Build configuration list for PBXNativeTarget "Daily MusicTests" */;
			buildPhases = (
				6789B102B0603D9006D93D6A /* Sources */,
				C782504B9A98BBD2A316653F /* Frameworks */,
				1579B884B3B5B5F89B25AF99 /* Resources */,
			);
			buildRules = (
			);
			dependencies = (
				6E9594312FE467D3307573FC /* PBXTargetDependency */,
			);
			name = "Daily MusicTests";
			productName = "Daily MusicTests";
			productReference = 0795BD5F0CB7C0DC25730AC4 /* Daily MusicTests.xctest */;
			productType = "com.apple.product-type.bundle.unit-test";
		};
/* End PBXNativeTarget section */

/* Begin PBXProject section */
		94B138272FCB6F1100752257 /* Project object */ = {
			isa = PBXProject;
			attributes = {
				BuildIndependentTargetsInParallel = 1;
				LastSwiftUpdateCheck = 2650;
				LastUpgradeCheck = 2650;
				TargetAttributes = {
					94B1382E2FCB6F1100752257 = {
						CreatedOnToolsVersion = 26.5;
					};
				};
			};
			buildConfigurationList = 94B1382A2FCB6F1100752257 /* Build configuration list for PBXProject "Daily Music" */;
			developmentRegion = en;
			hasScannedForEncodings = 0;
			knownRegions = (
				en,
				Base,
			);
			mainGroup = 94B138262FCB6F1100752257;
			minimizedProjectReferenceProxies = 1;
			packageReferences = (
				94B1387C2FCB7CB200752257 /* XCRemoteSwiftPackageReference "supabase-swift" */,
			);
			preferredProjectObjectVersion = 77;
			productRefGroup = 94B138302FCB6F1100752257 /* Products */;
			projectDirPath = "";
			projectRoot = "";
			targets = (
				94B1382E2FCB6F1100752257 /* Daily Music */,
				E3337D4BD109404AE5A22276 /* Daily MusicTests */,
			);
		};
/* End PBXProject section */

/* Begin PBXResourcesBuildPhase section */
		1579B884B3B5B5F89B25AF99 /* Resources */ = {
			isa = PBXResourcesBuildPhase;
			buildActionMask = 2147483647;
			files = (
			);
			runOnlyForDeploymentPostprocessing = 0;
		};
		94B1382D2FCB6F1100752257 /* Resources */ = {
			isa = PBXResourcesBuildPhase;
			buildActionMask = 2147483647;
			files = (
			);
			runOnlyForDeploymentPostprocessing = 0;
		};
/* End PBXResourcesBuildPhase section */

/* Begin PBXSourcesBuildPhase section */
		6789B102B0603D9006D93D6A /* Sources */ = {
			isa = PBXSourcesBuildPhase;
			buildActionMask = 2147483647;
			files = (
				1D3B9F1A07190484C0A87E3D /* TasteMirrorTests.swift in Sources */,
				A1B2C3D4E5F6A1B2C3D4E5F6 /* StreamingServiceTests.swift in Sources */,
				B2C3D4E5F6A1B2C3D4E5F6A1 /* CatalogInfoTests.swift in Sources */,
				C3D4E5F6A1B2C3D4E5F6A1B2 /* AvatarStyleTests.swift in Sources */,
				D4E5F6A1B2C3D4E5F6A1B2C3 /* AvatarImageProcessorTests.swift in Sources */,
				E5F6A1B2C3D4E5F6A1B2C3D4 /* ProfileStoreTests.swift in Sources */,
				F6A1B2C3D4E5F6A1B2C3D4E5 /* FriendCodeTests.swift in Sources */,
				A7B8C9D0E1F2A7B8C9D0E1F2 /* FriendsStoreTests.swift in Sources */,
				ABCD00112233445566778899 /* FriendNudgeTests.swift in Sources */,
				C7F0B6A12E7D4C11A9E0A001 /* SessionStoreTests.swift in Sources */,
					08F041F74042C7B42FE29DCB /* PlaybackTests.swift in Sources */,
					78F3EE0454C3E5EB3825C97D /* TasteSeedTests.swift in Sources */,
					757406A9EE882CBC5E185CA4 /* ArchetypeSnapshotTests.swift in Sources */,
					9F5825D17AE73206DEAA9846 /* ArchetypeRevealTests.swift in Sources */,
					B6F8A1D4C5E7401FA6B8D912 /* LiquidGlassStyleTests.swift in Sources */,
				);
			runOnlyForDeploymentPostprocessing = 0;
		};
		94B1382B2FCB6F1100752257 /* Sources */ = {
			isa = PBXSourcesBuildPhase;
			buildActionMask = 2147483647;
			files = (
			);
			runOnlyForDeploymentPostprocessing = 0;
		};
/* End PBXSourcesBuildPhase section */

/* Begin PBXTargetDependency section */
		6E9594312FE467D3307573FC /* PBXTargetDependency */ = {
			isa = PBXTargetDependency;
			name = "Daily Music";
			target = 94B1382E2FCB6F1100752257 /* Daily Music */;
			targetProxy = 745F721C1DF77B483AA125B0 /* PBXContainerItemProxy */;
		};
/* End PBXTargetDependency section */

/* Begin XCBuildConfiguration section */
		097C686D205F99F2C88CAF47 /* Debug */ = {
			isa = XCBuildConfiguration;
			buildSettings = {
				BUNDLE_LOADER = "$(TEST_HOST)";
				CLANG_ENABLE_OBJC_WEAK = NO;
				GENERATE_INFOPLIST_FILE = YES;
				IPHONEOS_DEPLOYMENT_TARGET = 26.5;
				PRODUCT_BUNDLE_IDENTIFIER = "maxhagi.Daily-MusicTests";
				PRODUCT_NAME = "$(TARGET_NAME)";
				SDKROOT = iphoneos;
				SWIFT_VERSION = 5.0;
				TEST_HOST = "$(BUILT_PRODUCTS_DIR)/Daily Music.app/$(BUNDLE_EXECUTABLE_FOLDER_PATH)/Daily Music";
			};
			name = Debug;
		};
		4298F98F0782A14924407B87 /* Release */ = {
			isa = XCBuildConfiguration;
			buildSettings = {
				BUNDLE_LOADER = "$(TEST_HOST)";
				CLANG_ENABLE_OBJC_WEAK = NO;
				GENERATE_INFOPLIST_FILE = YES;
				IPHONEOS_DEPLOYMENT_TARGET = 26.5;
				PRODUCT_BUNDLE_IDENTIFIER = "maxhagi.Daily-MusicTests";
				PRODUCT_NAME = "$(TARGET_NAME)";
				SDKROOT = iphoneos;
				SWIFT_VERSION = 5.0;
				TEST_HOST = "$(BUILT_PRODUCTS_DIR)/Daily Music.app/$(BUNDLE_EXECUTABLE_FOLDER_PATH)/Daily Music";
				VALIDATE_PRODUCT = YES;
			};
			name = Release;
		};
		94B138382FCB6F1300752257 /* Debug */ = {
			isa = XCBuildConfiguration;
			buildSettings = {
				ALWAYS_SEARCH_USER_PATHS = NO;
				ASSETCATALOG_COMPILER_GENERATE_SWIFT_ASSET_SYMBOL_EXTENSIONS = YES;
				CLANG_ANALYZER_NONNULL = YES;
				CLANG_ANALYZER_NUMBER_OBJECT_CONVERSION = YES_AGGRESSIVE;
				CLANG_CXX_LANGUAGE_STANDARD = "gnu++20";
				CLANG_ENABLE_MODULES = YES;
				CLANG_ENABLE_OBJC_ARC = YES;
				CLANG_ENABLE_OBJC_WEAK = YES;
				CLANG_WARN_BLOCK_CAPTURE_AUTORELEASING = YES;
				CLANG_WARN_BOOL_CONVERSION = YES;
				CLANG_WARN_COMMA = YES;
				CLANG_WARN_CONSTANT_CONVERSION = YES;
				CLANG_WARN_DEPRECATED_OBJC_IMPLEMENTATIONS = YES;
				CLANG_WARN_DIRECT_OBJC_ISA_USAGE = YES_ERROR;
				CLANG_WARN_DOCUMENTATION_COMMENTS = YES;
				CLANG_WARN_EMPTY_BODY = YES;
				CLANG_WARN_ENUM_CONVERSION = YES;
				CLANG_WARN_INFINITE_RECURSION = YES;
				CLANG_WARN_INT_CONVERSION = YES;
				CLANG_WARN_NON_LITERAL_NULL_CONVERSION = YES;
				CLANG_WARN_OBJC_IMPLICIT_RETAIN_SELF = YES;
				CLANG_WARN_OBJC_LITERAL_CONVERSION = YES;
				CLANG_WARN_OBJC_ROOT_CLASS = YES_ERROR;
				CLANG_WARN_QUOTED_INCLUDE_IN_FRAMEWORK_HEADER = YES;
				CLANG_WARN_RANGE_LOOP_ANALYSIS = YES;
				CLANG_WARN_STRICT_PROTOTYPES = YES;
				CLANG_WARN_SUSPICIOUS_MOVE = YES;
				CLANG_WARN_UNGUARDED_AVAILABILITY = YES_AGGRESSIVE;
				CLANG_WARN_UNREACHABLE_CODE = YES;
				CLANG_WARN__DUPLICATE_METHOD_MATCH = YES;
				COPY_PHASE_STRIP = NO;
				DEBUG_INFORMATION_FORMAT = dwarf;
				DEVELOPMENT_TEAM = RPW738HHCT;
				ENABLE_STRICT_OBJC_MSGSEND = YES;
				ENABLE_TESTABILITY = YES;
				ENABLE_USER_SCRIPT_SANDBOXING = YES;
				GCC_C_LANGUAGE_STANDARD = gnu17;
				GCC_DYNAMIC_NO_PIC = NO;
				GCC_NO_COMMON_BLOCKS = YES;
				GCC_OPTIMIZATION_LEVEL = 0;
				GCC_PREPROCESSOR_DEFINITIONS = (
					"DEBUG=1",
					"$(inherited)",
				);
				GCC_WARN_64_TO_32_BIT_CONVERSION = YES;
				GCC_WARN_ABOUT_RETURN_TYPE = YES_ERROR;
				GCC_WARN_UNDECLARED_SELECTOR = YES;
				GCC_WARN_UNINITIALIZED_AUTOS = YES_AGGRESSIVE;
				GCC_WARN_UNUSED_FUNCTION = YES;
				GCC_WARN_UNUSED_VARIABLE = YES;
				IPHONEOS_DEPLOYMENT_TARGET = 26.5;
				LOCALIZATION_PREFERS_STRING_CATALOGS = YES;
				MTL_ENABLE_DEBUG_INFO = INCLUDE_SOURCE;
				MTL_FAST_MATH = YES;
				ONLY_ACTIVE_ARCH = YES;
				SDKROOT = iphoneos;
				SWIFT_ACTIVE_COMPILATION_CONDITIONS = "DEBUG $(inherited)";
				SWIFT_OPTIMIZATION_LEVEL = "-Onone";
			};
			name = Debug;
		};
		94B138392FCB6F1300752257 /* Release */ = {
			isa = XCBuildConfiguration;
			buildSettings = {
				ALWAYS_SEARCH_USER_PATHS = NO;
				ASSETCATALOG_COMPILER_GENERATE_SWIFT_ASSET_SYMBOL_EXTENSIONS = YES;
				CLANG_ANALYZER_NONNULL = YES;
				CLANG_ANALYZER_NUMBER_OBJECT_CONVERSION = YES_AGGRESSIVE;
				CLANG_CXX_LANGUAGE_STANDARD = "gnu++20";
				CLANG_ENABLE_MODULES = YES;
				CLANG_ENABLE_OBJC_ARC = YES;
				CLANG_ENABLE_OBJC_WEAK = YES;
				CLANG_WARN_BLOCK_CAPTURE_AUTORELEASING = YES;
				CLANG_WARN_BOOL_CONVERSION = YES;
				CLANG_WARN_COMMA = YES;
				CLANG_WARN_CONSTANT_CONVERSION = YES;
				CLANG_WARN_DEPRECATED_OBJC_IMPLEMENTATIONS = YES;
				CLANG_WARN_DIRECT_OBJC_ISA_USAGE = YES_ERROR;
				CLANG_WARN_DOCUMENTATION_COMMENTS = YES;
				CLANG_WARN_EMPTY_BODY = YES;
				CLANG_WARN_ENUM_CONVERSION = YES;
				CLANG_WARN_INFINITE_RECURSION = YES;
				CLANG_WARN_INT_CONVERSION = YES;
				CLANG_WARN_NON_LITERAL_NULL_CONVERSION = YES;
				CLANG_WARN_OBJC_IMPLICIT_RETAIN_SELF = YES;
				CLANG_WARN_OBJC_LITERAL_CONVERSION = YES;
				CLANG_WARN_OBJC_ROOT_CLASS = YES_ERROR;
				CLANG_WARN_QUOTED_INCLUDE_IN_FRAMEWORK_HEADER = YES;
				CLANG_WARN_RANGE_LOOP_ANALYSIS = YES;
				CLANG_WARN_STRICT_PROTOTYPES = YES;
				CLANG_WARN_SUSPICIOUS_MOVE = YES;
				CLANG_WARN_UNGUARDED_AVAILABILITY = YES_AGGRESSIVE;
				CLANG_WARN_UNREACHABLE_CODE = YES;
				CLANG_WARN__DUPLICATE_METHOD_MATCH = YES;
				COPY_PHASE_STRIP = NO;
				DEBUG_INFORMATION_FORMAT = "dwarf-with-dsym";
				DEVELOPMENT_TEAM = RPW738HHCT;
				ENABLE_NS_ASSERTIONS = NO;
				ENABLE_STRICT_OBJC_MSGSEND = YES;
				ENABLE_USER_SCRIPT_SANDBOXING = YES;
				GCC_C_LANGUAGE_STANDARD = gnu17;
				GCC_NO_COMMON_BLOCKS = YES;
				GCC_WARN_64_TO_32_BIT_CONVERSION = YES;
				GCC_WARN_ABOUT_RETURN_TYPE = YES_ERROR;
				GCC_WARN_UNDECLARED_SELECTOR = YES;
				GCC_WARN_UNINITIALIZED_AUTOS = YES_AGGRESSIVE;
				GCC_WARN_UNUSED_FUNCTION = YES;
				GCC_WARN_UNUSED_VARIABLE = YES;
				IPHONEOS_DEPLOYMENT_TARGET = 26.5;
				LOCALIZATION_PREFERS_STRING_CATALOGS = YES;
				MTL_ENABLE_DEBUG_INFO = NO;
				MTL_FAST_MATH = YES;
				SDKROOT = iphoneos;
				SWIFT_COMPILATION_MODE = wholemodule;
				VALIDATE_PRODUCT = YES;
			};
			name = Release;
		};
		94B1383B2FCB6F1300752257 /* Debug */ = {
			isa = XCBuildConfiguration;
			buildSettings = {
				ASSETCATALOG_COMPILER_APPICON_NAME = AppIcon;
				ASSETCATALOG_COMPILER_GLOBAL_ACCENT_COLOR_NAME = AccentColor;
				CODE_SIGN_STYLE = Automatic;
				CURRENT_PROJECT_VERSION = 1;
				DEVELOPMENT_TEAM = RPW738HHCT;
				ENABLE_PREVIEWS = YES;
				GENERATE_INFOPLIST_FILE = YES;
				INFOPLIST_KEY_UIApplicationSceneManifest_Generation = YES;
				INFOPLIST_KEY_UIApplicationSupportsIndirectInputEvents = YES;
				INFOPLIST_KEY_UILaunchScreen_Generation = YES;
				INFOPLIST_KEY_UISupportedInterfaceOrientations_iPad = "UIInterfaceOrientationPortrait UIInterfaceOrientationPortraitUpsideDown UIInterfaceOrientationLandscapeLeft UIInterfaceOrientationLandscapeRight";
				INFOPLIST_KEY_UISupportedInterfaceOrientations_iPhone = "UIInterfaceOrientationPortrait UIInterfaceOrientationLandscapeLeft UIInterfaceOrientationLandscapeRight";
				LD_RUNPATH_SEARCH_PATHS = (
					"$(inherited)",
					"@executable_path/Frameworks",
				);
				MARKETING_VERSION = 1.0;
				PRODUCT_BUNDLE_IDENTIFIER = "maxhagi.Daily-Music";
				PRODUCT_NAME = "$(TARGET_NAME)";
				STRING_CATALOG_GENERATE_SYMBOLS = YES;
				SWIFT_APPROACHABLE_CONCURRENCY = YES;
				SWIFT_DEFAULT_ACTOR_ISOLATION = MainActor;
				SWIFT_EMIT_LOC_STRINGS = YES;
				SWIFT_UPCOMING_FEATURE_MEMBER_IMPORT_VISIBILITY = YES;
				SWIFT_VERSION = 5.0;
				TARGETED_DEVICE_FAMILY = "1,2";
			};
			name = Debug;
		};
		94B1383C2FCB6F1300752257 /* Release */ = {
			isa = XCBuildConfiguration;
			buildSettings = {
				ASSETCATALOG_COMPILER_APPICON_NAME = AppIcon;
				ASSETCATALOG_COMPILER_GLOBAL_ACCENT_COLOR_NAME = AccentColor;
				CODE_SIGN_STYLE = Automatic;
				CURRENT_PROJECT_VERSION = 1;
				DEVELOPMENT_TEAM = RPW738HHCT;
				ENABLE_PREVIEWS = YES;
				GENERATE_INFOPLIST_FILE = YES;
				INFOPLIST_KEY_UIApplicationSceneManifest_Generation = YES;
				INFOPLIST_KEY_UIApplicationSupportsIndirectInputEvents = YES;
				INFOPLIST_KEY_UILaunchScreen_Generation = YES;
				INFOPLIST_KEY_UISupportedInterfaceOrientations_iPad = "UIInterfaceOrientationPortrait UIInterfaceOrientationPortraitUpsideDown UIInterfaceOrientationLandscapeLeft UIInterfaceOrientationLandscapeRight";
				INFOPLIST_KEY_UISupportedInterfaceOrientations_iPhone = "UIInterfaceOrientationPortrait UIInterfaceOrientationLandscapeLeft UIInterfaceOrientationLandscapeRight";
				LD_RUNPATH_SEARCH_PATHS = (
					"$(inherited)",
					"@executable_path/Frameworks",
				);
				MARKETING_VERSION = 1.0;
				PRODUCT_BUNDLE_IDENTIFIER = "maxhagi.Daily-Music";
				PRODUCT_NAME = "$(TARGET_NAME)";
				STRING_CATALOG_GENERATE_SYMBOLS = YES;
				SWIFT_APPROACHABLE_CONCURRENCY = YES;
				SWIFT_DEFAULT_ACTOR_ISOLATION = MainActor;
				SWIFT_EMIT_LOC_STRINGS = YES;
				SWIFT_UPCOMING_FEATURE_MEMBER_IMPORT_VISIBILITY = YES;
				SWIFT_VERSION = 5.0;
				TARGETED_DEVICE_FAMILY = "1,2";
			};
			name = Release;
		};
/* End XCBuildConfiguration section */

/* Begin XCConfigurationList section */
		94B1382A2FCB6F1100752257 /* Build configuration list for PBXProject "Daily Music" */ = {
			isa = XCConfigurationList;
			buildConfigurations = (
				94B138382FCB6F1300752257 /* Debug */,
				94B138392FCB6F1300752257 /* Release */,
			);
			defaultConfigurationIsVisible = 0;
			defaultConfigurationName = Release;
		};
		94B1383A2FCB6F1300752257 /* Build configuration list for PBXNativeTarget "Daily Music" */ = {
			isa = XCConfigurationList;
			buildConfigurations = (
				94B1383B2FCB6F1300752257 /* Debug */,
				94B1383C2FCB6F1300752257 /* Release */,
			);
			defaultConfigurationIsVisible = 0;
			defaultConfigurationName = Release;
		};
		EC1155978C0C67B4D2AC439F /* Build configuration list for PBXNativeTarget "Daily MusicTests" */ = {
			isa = XCConfigurationList;
			buildConfigurations = (
				4298F98F0782A14924407B87 /* Release */,
				097C686D205F99F2C88CAF47 /* Debug */,
			);
			defaultConfigurationIsVisible = 0;
			defaultConfigurationName = Release;
		};
/* End XCConfigurationList section */

/* Begin XCRemoteSwiftPackageReference section */
		94B1387C2FCB7CB200752257 /* XCRemoteSwiftPackageReference "supabase-swift" */ = {
			isa = XCRemoteSwiftPackageReference;
			repositoryURL = "https://github.com/supabase/supabase-swift";
			requirement = {
				kind = upToNextMajorVersion;
				minimumVersion = 2.5.1;
			};
		};
/* End XCRemoteSwiftPackageReference section */

/* Begin XCSwiftPackageProductDependency section */
		94B1387D2FCB7CB200752257 /* Supabase */ = {
			isa = XCSwiftPackageProductDependency;
			package = 94B1387C2FCB7CB200752257 /* XCRemoteSwiftPackageReference "supabase-swift" */;
			productName = Supabase;
		};
/* End XCSwiftPackageProductDependency section */
	};
	rootObject = 94B138272FCB6F1100752257 /* Project object */;
}
